// !$*UTF8*$!
{
	archiveVersion = 1;
	classes = {
	};
	objectVersion = 54;
	objects = {

/* Begin PBXBuildFile section */
		1DDD58160DA1D0A300B32029 /* MainMenu.xib in Resources */ = {isa = PBXBuildFile; fileRef = 1DDD58140DA1D0A300B32029 /* MainMenu.xib */; };
		2108362B2AA3E774006B0411 /* SUGSuggestion.swift in Sources */ = {isa = PBXBuildFile; fileRef = 210836292AA3E774006B0411 /* SUGSuggestion.swift */; };
		2108362C2AA3E774006B0411 /* SUGSuggestionGenerator.swift in Sources */ = {isa = PBXBuildFile; fileRef = 2108362A2AA3E774006B0411 /* SUGSuggestionGenerator.swift */; };
		210836322AA3E791006B0411 /* SUGMainWindowController.swift in Sources */ = {isa = PBXBuildFile; fileRef = 2108362E2AA3E791006B0411 /* SUGMainWindowController.swift */; };
		210836332AA3E791006B0411 /* SUGCustomMenusAppDelegate.swift in Sources */ = {isa = PBXBuildFile; fileRef = 2108362F2AA3E791006B0411 /* SUGCustomMenusAppDelegate.swift */; };
		210836342AA3E791006B0411 /* SUGMainWindowController.storyboard in Resources */ = {isa = PBXBuildFile; fileRef = 210836302AA3E791006B0411 /* SUGMainWindowController.storyboard */; };
		210836352AA3E791006B0411 /* SUGMainWindowContentViewController.swift in Sources */ = {isa = PBXBuildFile; fileRef = 210836312AA3E791006B0411 /* SUGMainWindowContentViewController.swift */; };
		210836392AA3E7AE006B0411 /* SUGSearchFieldCell.swift in Sources */ = {isa = PBXBuildFile; fileRef = 210836372AA3E7AE006B0411 /* SUGSearchFieldCell.swift */; };
		2108363A2AA3E7AE006B0411 /* NSSearchField+cellClass.swift in Sources */ = {isa = PBXBuildFile; fileRef = 210836382AA3E7AE006B0411 /* NSSearchField+cellClass.swift */; };
		210836412AA3E7D7006B0411 /* SUGSuggestionListContentView.swift in Sources */ = {isa = PBXBuildFile; fileRef = 2108363C2AA3E7D7006B0411 /* SUGSuggestionListContentView.swift */; };
		210836422AA3E7D7006B0411 /* SUGSuggestionViewController.swift in Sources */ = {isa = PBXBuildFile; fileRef = 2108363D2AA3E7D7006B0411 /* SUGSuggestionViewController.swift */; };
		210836432AA3E7D7006B0411 /* SUGSuggestionListWindowController.swift in Sources */ = {isa = PBXBuildFile; fileRef = 2108363E2AA3E7D7006B0411 /* SUGSuggestionListWindowController.swift */; };
		210836442AA3E7D7006B0411 /* SUGSuggestionView.swift in Sources */ = {isa = PBXBuildFile; fileRef = 2108363F2AA3E7D7006B0411 /* SUGSuggestionView.swift */; };
		210836452AA3E7D7006B0411 /* SUGSuggestionListWindow.swift in Sources */ = {isa = PBXBuildFile; fileRef = 210836402AA3E7D7006B0411 /* SUGSuggestionListWindow.swift */; };
		210836472AA3E83C006B0411 /* NSImage+SUGMask.swift in Sources */ = {isa = PBXBuildFile; fileRef = 210836462AA3E83C006B0411 /* NSImage+SUGMask.swift */; };
		214C5DA72AA8075900620EDD /* SUGMainWindowController+NSSearchFieldDelegate.swift in Sources */ = {isa = PBXBuildFile; fileRef = 214C5DA62AA8075900620EDD /* SUGMainWindowController+NSSearchFieldDelegate.swift */; };
		214C5DA92AA8079A00620EDD /* SUGMainWindowController+NSToolbarDelegate.swift in Sources */ = {isa = PBXBuildFile; fileRef = 214C5DA82AA8079A00620EDD /* SUGMainWindowController+NSToolbarDelegate.swift */; };
		214C5DAB2AA807C600620EDD /* NSToolbarItemIdentifier+SearchItem.swift in Sources */ = {isa = PBXBuildFile; fileRef = 214C5DAA2AA807C600620EDD /* NSToolbarItemIdentifier+SearchItem.swift */; };
		21E7837F2AA17C0F0027D003 /* Assets.xcassets in Resources */ = {isa = PBXBuildFile; fileRef = 21E7837E2AA17C0F0027D003 /* Assets.xcassets */; };
		8D11072B0486CEB800E47090 /* InfoPlist.strings in Resources */ = {isa = PBXBuildFile; fileRef = 089C165CFE840E0CC02AAC07 /* InfoPlist.strings */; };
		8D11072F0486CEB800E47090 /* Cocoa.framework in Frameworks */ = {isa = PBXBuildFile; fileRef = 1058C7A1FEA54F0111CA2CBB /* Cocoa.framework */; };
/* End PBXBuildFile section */

/* Begin PBXFileReference section */
		1058C7A1FEA54F0111CA2CBB /* Cocoa.framework */ = {isa = PBXFileReference; lastKnownFileType = wrapper.framework; name = Cocoa.framework; path = /System/Library/Frameworks/Cocoa.framework; sourceTree = "<absolute>"; };
		210836292AA3E774006B0411 /* SUGSuggestion.swift */ = {isa = PBXFileReference; fileEncoding = 4; lastKnownFileType = sourcecode.swift; path = SUGSuggestion.swift; sourceTree = "<group>"; };
		2108362A2AA3E774006B0411 /* SUGSuggestionGenerator.swift */ = {isa = PBXFileReference; fileEncoding = 4; lastKnownFileType = sourcecode.swift; path = SUGSuggestionGenerator.swift; sourceTree = "<group>"; };
		2108362E2AA3E791006B0411 /* SUGMainWindowController.swift */ = {isa = PBXFileReference; fileEncoding = 4; lastKnownFileType = sourcecode.swift; path = SUGMainWindowController.swift; sourceTree = "<group>"; };
		2108362F2AA3E791006B0411 /* SUGCustomMenusAppDelegate.swift */ = {isa = PBXFileReference; fileEncoding = 4; lastKnownFileType = sourcecode.swift; path = SUGCustomMenusAppDelegate.swift; sourceTree = "<group>"; };
		210836302AA3E791006B0411 /* SUGMainWindowController.storyboard */ = {isa = PBXFileReference; fileEncoding = 4; lastKnownFileType = file.storyboard; path = SUGMainWindowController.storyboard; sourceTree = "<group>"; };
		210836312AA3E791006B0411 /* SUGMainWindowContentViewController.swift */ = {isa = PBXFileReference; fileEncoding = 4; lastKnownFileType = sourcecode.swift; path = SUGMainWindowContentViewController.swift; sourceTree = "<group>"; };
		210836372AA3E7AE006B0411 /* SUGSearchFieldCell.swift */ = {isa = PBXFileReference; fileEncoding = 4; lastKnownFileType = sourcecode.swift; path = SUGSearchFieldCell.swift; sourceTree = "<group>"; };
		210836382AA3E7AE006B0411 /* NSSearchField+cellClass.swift */ = {isa = PBXFileReference; fileEncoding = 4; lastKnownFileType = sourcecode.swift; path = "NSSearchField+cellClass.swift"; sourceTree = "<group>"; };
		2108363C2AA3E7D7006B0411 /* SUGSuggestionListContentView.swift */ = {isa = PBXFileReference; fileEncoding = 4; lastKnownFileType = sourcecode.swift; path = SUGSuggestionListContentView.swift; sourceTree = "<group>"; };
		2108363D2AA3E7D7006B0411 /* SUGSuggestionViewController.swift */ = {isa = PBXFileReference; fileEncoding = 4; lastKnownFileType = sourcecode.swift; path = SUGSuggestionViewController.swift; sourceTree = "<group>"; };
		2108363E2AA3E7D7006B0411 /* SUGSuggestionListWindowController.swift */ = {isa = PBXFileReference; fileEncoding = 4; lastKnownFileType = sourcecode.swift; path = SUGSuggestionListWindowController.swift; sourceTree = "<group>"; };
		2108363F2AA3E7D7006B0411 /* SUGSuggestionView.swift */ = {isa = PBXFileReference; fileEncoding = 4; lastKnownFileType = sourcecode.swift; path = SUGSuggestionView.swift; sourceTree = "<group>"; };
		210836402AA3E7D7006B0411 /* SUGSuggestionListWindow.swift */ = {isa = PBXFileReference; fileEncoding = 4; lastKnownFileType = sourcecode.swift; path = SUGSuggestionListWindow.swift; sourceTree = "<group>"; };
		210836462AA3E83C006B0411 /* NSImage+SUGMask.swift */ = {isa = PBXFileReference; fileEncoding = 4; lastKnownFileType = sourcecode.swift; path = "NSImage+SUGMask.swift"; sourceTree = "<group>"; };
		214C5DA62AA8075900620EDD /* SUGMainWindowController+NSSearchFieldDelegate.swift */ = {isa = PBXFileReference; lastKnownFileType = sourcecode.swift; path = "SUGMainWindowController+NSSearchFieldDelegate.swift"; sourceTree = "<group>"; };
		214C5DA82AA8079A00620EDD /* SUGMainWindowController+NSToolbarDelegate.swift */ = {isa = PBXFileReference; lastKnownFileType = sourcecode.swift; path = "SUGMainWindowController+NSToolbarDelegate.swift"; sourceTree = "<group>"; };
		214C5DAA2AA807C600620EDD /* NSToolbarItemIdentifier+SearchItem.swift */ = {isa = PBXFileReference; lastKnownFileType = sourcecode.swift; path = "NSToolbarItemIdentifier+SearchItem.swift"; sourceTree = "<group>"; };
		2184044E2A9FD3D400A7CBF8 /* Base */ = {isa = PBXFileReference; lastKnownFileType = file.xib; name = Base; path = Base.lproj/MainMenu.xib; sourceTree = "<group>"; };
		218404512A9FD3D700A7CBF8 /* en */ = {isa = PBXFileReference; lastKnownFileType = text.plist.strings; name = en; path = en.lproj/InfoPlist.strings; sourceTree = "<group>"; };
		21E7837E2AA17C0F0027D003 /* Assets.xcassets */ = {isa = PBXFileReference; lastKnownFileType = folder.assetcatalog; path = Assets.xcassets; sourceTree = "<group>"; };
		29B97324FDCFA39411CA2CEA /* AppKit.framework */ = {isa = PBXFileReference; lastKnownFileType = wrapper.framework; name = AppKit.framework; path = /System/Library/Frameworks/AppKit.framework; sourceTree = "<absolute>"; };
		29B97325FDCFA39411CA2CEA /* Foundation.framework */ = {isa = PBXFileReference; lastKnownFileType = wrapper.framework; name = Foundation.framework; path = /System/Library/Frameworks/Foundation.framework; sourceTree = "<absolute>"; };
		532273A015F92B3100F89E73 /* CustomMenus.entitlements */ = {isa = PBXFileReference; lastKnownFileType = text.xml; path = CustomMenus.entitlements; sourceTree = "<group>"; };
		8D1107310486CEB800E47090 /* CustomMenus-Info.plist */ = {isa = PBXFileReference; fileEncoding = 4; lastKnownFileType = text.plist.xml; path = "CustomMenus-Info.plist"; sourceTree = "<group>"; };
		8D1107320486CEB800E47090 /* CustomMenus.app */ = {isa = PBXFileReference; explicitFileType = wrapper.application; includeInIndex = 0; path = CustomMenus.app; sourceTree = BUILT_PRODUCTS_DIR; };
/* End PBXFileReference section */

/* Begin PBXFrameworksBuildPhase section */
		8D11072E0486CEB800E47090 /* Frameworks */ = {
			isa = PBXFrameworksBuildPhase;
			buildActionMask = 2147483647;
			files = (
				8D11072F0486CEB800E47090 /* Cocoa.framework in Frameworks */,
			);
			runOnlyForDeploymentPostprocessing = 0;
		};
/* End PBXFrameworksBuildPhase section */

/* Begin PBXGroup section */
		1058C7A0FEA54F0111CA2CBB /* Linked Frameworks */ = {
			isa = PBXGroup;
			children = (
				1058C7A1FEA54F0111CA2CBB /* Cocoa.framework */,
			);
			name = "Linked Frameworks";
			sourceTree = "<group>";
		};
		1058C7A2FEA54F0111CA2CBB /* Other Frameworks */ = {
			isa = PBXGroup;
			children = (
				29B97324FDCFA39411CA2CEA /* AppKit.framework */,
				29B97325FDCFA39411CA2CEA /* Foundation.framework */,
			);
			name = "Other Frameworks";
			sourceTree = "<group>";
		};
		19C28FACFE9D520D11CA2CBB /* Products */ = {
			isa = PBXGroup;
			children = (
				8D1107320486CEB800E47090 /* CustomMenus.app */,
			);
			name = Products;
			sourceTree = "<group>";
		};
		210836282AA3E774006B0411 /* Suggestions */ = {
			isa = PBXGroup;
			children = (
				210836292AA3E774006B0411 /* SUGSuggestion.swift */,
				2108362A2AA3E774006B0411 /* SUGSuggestionGenerator.swift */,
			);
			path = Suggestions;
			sourceTree = "<group>";
		};
		2108362D2AA3E791006B0411 /* App Delegate and Main Window */ = {
			isa = PBXGroup;
			children = (
				214C5DAA2AA807C600620EDD /* NSToolbarItemIdentifier+SearchItem.swift */,
				2108362F2AA3E791006B0411 /* SUGCustomMenusAppDelegate.swift */,
				210836312AA3E791006B0411 /* SUGMainWindowContentViewController.swift */,
				210836302AA3E791006B0411 /* SUGMainWindowController.storyboard */,
				2108362E2AA3E791006B0411 /* SUGMainWindowController.swift */,
				214C5DA62AA8075900620EDD /* SUGMainWindowController+NSSearchFieldDelegate.swift */,
				214C5DA82AA8079A00620EDD /* SUGMainWindowController+NSToolbarDelegate.swift */,
			);
			path = "App Delegate and Main Window";
			sourceTree = "<group>";
		};
		210836362AA3E7AE006B0411 /* Search Field */ = {
			isa = PBXGroup;
			children = (
				210836372AA3E7AE006B0411 /* SUGSearchFieldCell.swift */,
				210836382AA3E7AE006B0411 /* NSSearchField+cellClass.swift */,
			);
			path = "Search Field";
			sourceTree = "<group>";
		};
		2108363B2AA3E7D7006B0411 /* Suggestion List Window */ = {
			isa = PBXGroup;
			children = (
				210836462AA3E83C006B0411 /* NSImage+SUGMask.swift */,
				2108363C2AA3E7D7006B0411 /* SUGSuggestionListContentView.swift */,
				2108363D2AA3E7D7006B0411 /* SUGSuggestionViewController.swift */,
				2108363E2AA3E7D7006B0411 /* SUGSuggestionListWindowController.swift */,
				2108363F2AA3E7D7006B0411 /* SUGSuggestionView.swift */,
				210836402AA3E7D7006B0411 /* SUGSuggestionListWindow.swift */,
			);
			path = "Suggestion List Window";
			sourceTree = "<group>";
		};
		29B97314FDCFA39411CA2CEA /* CustomMenus */ = {
			isa = PBXGroup;
			children = (
				532273A015F92B3100F89E73 /* CustomMenus.entitlements */,
				21E7837E2AA17C0F0027D003 /* Assets.xcassets */,
				210836282AA3E774006B0411 /* Suggestions */,
				2108362D2AA3E791006B0411 /* App Delegate and Main Window */,
				2108363B2AA3E7D7006B0411 /* Suggestion List Window */,
				210836362AA3E7AE006B0411 /* Search Field */,
				29B97317FDCFA39411CA2CEA /* Resources */,
				29B97323FDCFA39411CA2CEA /* Frameworks */,
				19C28FACFE9D520D11CA2CBB /* Products */,
			);
			name = CustomMenus;
			sourceTree = "<group>";
		};
		29B97317FDCFA39411CA2CEA /* Resources */ = {
			isa = PBXGroup;
			children = (
				8D1107310486CEB800E47090 /* CustomMenus-Info.plist */,
				089C165CFE840E0CC02AAC07 /* InfoPlist.strings */,
				1DDD58140DA1D0A300B32029 /* MainMenu.xib */,
			);
			name = Resources;
			sourceTree = "<group>";
		};
		29B97323FDCFA39411CA2CEA /* Frameworks */ = {
			isa = PBXGroup;
			children = (
				1058C7A0FEA54F0111CA2CBB /* Linked Frameworks */,
				1058C7A2FEA54F0111CA2CBB /* Other Frameworks */,
			);
			name = Frameworks;
			sourceTree = "<group>";
		};
/* End PBXGroup section */

/* Begin PBXNativeTarget section */
		8D1107260486CEB800E47090 /* CustomMenus */ = {
			isa = PBXNativeTarget;
			buildConfigurationList = C01FCF4A08A954540054247B /* Build configuration list for PBXNativeTarget "CustomMenus" */;
			buildPhases = (
				8D1107290486CEB800E47090 /* Resources */,
				8D11072C0486CEB800E47090 /* Sources */,
				8D11072E0486CEB800E47090 /* Frameworks */,
			);
			buildRules = (
			);
			dependencies = (
			);
			name = CustomMenus;
			productInstallPath = "$(HOME)/Applications";
			productName = CustomMenus;
			productReference = 8D1107320486CEB800E47090 /* CustomMenus.app */;
			productType = "com.apple.product-type.application";
		};
/* End PBXNativeTarget section */

/* Begin PBXProject section */
		29B97313FDCFA39411CA2CEA /* Project object */ = {
			isa = PBXProject;
			attributes = {
				BuildIndependentTargetsInParallel = YES;
				LastUpgradeCheck = 1500;
				TargetAttributes = {
					8D1107260486CEB800E47090 = {
						DevelopmentTeam = 372S63A2R8;
						LastSwiftMigration = 1500;
					};
				};
			};
			buildConfigurationList = C01FCF4E08A954540054247B /* Build configuration list for PBXProject "CustomMenus" */;
			compatibilityVersion = "Xcode 3.2";
			developmentRegion = en;
			hasScannedForEncodings = 1;
			knownRegions = (
				Base,
				en,
				fr,
				ja,
				de,
			);
			mainGroup = 29B97314FDCFA39411CA2CEA /* CustomMenus */;
			projectDirPath = "";
			projectRoot = "";
			targets = (
				8D1107260486CEB800E47090 /* CustomMenus */,
			);
		};
/* End PBXProject section */

/* Begin PBXResourcesBuildPhase section */
		8D1107290486CEB800E47090 /* Resources */ = {
			isa = PBXResourcesBuildPhase;
			buildActionMask = 2147483647;
			files = (
				8D11072B0486CEB800E47090 /* InfoPlist.strings in Resources */,
				210836342AA3E791006B0411 /* SUGMainWindowController.storyboard in Resources */,
				1DDD58160DA1D0A300B32029 /* MainMenu.xib in Resources */,
				21E7837F2AA17C0F0027D003 /* Assets.xcassets in Resources */,
			);
			runOnlyForDeploymentPostprocessing = 0;
		};
/* End PBXResourcesBuildPhase section */

/* Begin PBXSourcesBuildPhase section */
		8D11072C0486CEB800E47090 /* Sources */ = {
			isa = PBXSourcesBuildPhase;
			buildActionMask = 2147483647;
			files = (
				210836332AA3E791006B0411 /* SUGCustomMenusAppDelegate.swift in Sources */,
				2108362C2AA3E774006B0411 /* SUGSuggestionGenerator.swift in Sources */,
				2108362B2AA3E774006B0411 /* SUGSuggestion.swift in Sources */,
				210836442AA3E7D7006B0411 /* SUGSuggestionView.swift in Sources */,
				210836322AA3E791006B0411 /* SUGMainWindowController.swift in Sources */,
				2108363A2AA3E7AE006B0411 /* NSSearchField+cellClass.swift in Sources */,
				210836392AA3E7AE006B0411 /* SUGSearchFieldCell.swift in Sources */,
				214C5DA72AA8075900620EDD /* SUGMainWindowController+NSSearchFieldDelegate.swift in Sources */,
				214C5DA92AA8079A00620EDD /* SUGMainWindowController+NSToolbarDelegate.swift in Sources */,
				214C5DAB2AA807C600620EDD /* NSToolbarItemIdentifier+SearchItem.swift in Sources */,
				210836452AA3E7D7006B0411 /* SUGSuggestionListWindow.swift in Sources */,
				210836412AA3E7D7006B0411 /* SUGSuggestionListContentView.swift in Sources */,
				210836432AA3E7D7006B0411 /* SUGSuggestionListWindowController.swift in Sources */,
				210836472AA3E83C006B0411 /* NSImage+SUGMask.swift in Sources */,
				210836422AA3E7D7006B0411 /* SUGSuggestionViewController.swift in Sources */,
				210836352AA3E791006B0411 /* SUGMainWindowContentViewController.swift in Sources */,
			);
			runOnlyForDeploymentPostprocessing = 0;
		};
/* End PBXSourcesBuildPhase section */

/* Begin PBXVariantGroup section */
		089C165CFE840E0CC02AAC07 /* InfoPlist.strings */ = {
			isa = PBXVariantGroup;
			children = (
				218404512A9FD3D700A7CBF8 /* en */,
			);
			name = InfoPlist.strings;
			sourceTree = "<group>";
		};
		1DDD58140DA1D0A300B32029 /* MainMenu.xib */ = {
			isa = PBXVariantGroup;
			children = (
				2184044E2A9FD3D400A7CBF8 /* Base */,
			);
			name = MainMenu.xib;
			sourceTree = "<group>";
		};
/* End PBXVariantGroup section */

/* Begin XCBuildConfiguration section */
		C01FCF4B08A954540054247B /* Debug */ = {
			isa = XCBuildConfiguration;
			buildSettings = {
				ALWAYS_SEARCH_USER_PATHS = NO;
				CLANG_ENABLE_OBJC_WEAK = YES;
				CODE_SIGN_ENTITLEMENTS = CustomMenus.entitlements;
				CODE_SIGN_IDENTITY = "Mac Developer";
				COMBINE_HIDPI_IMAGES = YES;
				COPY_PHASE_STRIP = NO;
				DEAD_CODE_STRIPPING = YES;
				DEVELOPMENT_TEAM = 372S63A2R8;
				ENABLE_HARDENED_RUNTIME = YES;
				GCC_DYNAMIC_NO_PIC = NO;
				GCC_MODEL_TUNING = G5;
				GCC_OPTIMIZATION_LEVEL = 0;
				GCC_PRECOMPILE_PREFIX_HEADER = YES;
				GCC_PREFIX_HEADER = CustomMenus_Prefix.pch;
				INFOPLIST_FILE = "CustomMenus-Info.plist";
				INSTALL_PATH = "$(HOME)/Applications";
				LD_RUNPATH_SEARCH_PATHS = (
					"$(inherited)",
					"@executable_path/../Frameworks",
				);
				MACOSX_DEPLOYMENT_TARGET = 13.5;
				PRODUCT_BUNDLE_IDENTIFIER = "com.yourcompany.${PRODUCT_NAME:rfc1034identifier}";
				PRODUCT_NAME = CustomMenus;
				SWIFT_OPTIMIZATION_LEVEL = "-Onone";
				SWIFT_VERSION = 5.0;
			};
			name = Debug;
		};
		C01FCF4C08A954540054247B /* Release */ = {
			isa = XCBuildConfiguration;
			buildSettings = {
				ALWAYS_SEARCH_USER_PATHS = NO;
				CLANG_ENABLE_OBJC_WEAK = YES;
				CODE_SIGN_ENTITLEMENTS = CustomMenus.entitlements;
				CODE_SIGN_IDENTITY = "Mac Developer";
				COMBINE_HIDPI_IMAGES = YES;
				DEAD_CODE_STRIPPING = YES;
				DEBUG_INFORMATION_FORMAT = "dwarf-with-dsym";
				DEVELOPMENT_TEAM = 372S63A2R8;
				ENABLE_HARDENED_RUNTIME = YES;
				GCC_MODEL_TUNING = G5;
				GCC_OPTIMIZATION_LEVEL = 0;
				GCC_PRECOMPILE_PREFIX_HEADER = YES;
				GCC_PREFIX_HEADER = CustomMenus_Prefix.pch;
				INFOPLIST_FILE = "CustomMenus-Info.plist";
				INSTALL_PATH = "$(HOME)/Applications";
				LD_RUNPATH_SEARCH_PATHS = (
					"$(inherited)",
					"@executable_path/../Frameworks",
				);
				MACOSX_DEPLOYMENT_TARGET = 13.5;
				PRODUCT_BUNDLE_IDENTIFIER = "com.yourcompany.${PRODUCT_NAME:rfc1034identifier}";
				PRODUCT_NAME = CustomMenus;
				SWIFT_VERSION = 5.0;
			};
			name = Release;
		};
		C01FCF4F08A954540054247B /* Debug */ = {
			isa = XCBuildConfiguration;
			buildSettings = {
				CLANG_ANALYZER_LOCALIZABILITY_NONLOCALIZED = YES;
				CLANG_WARN_BLOCK_CAPTURE_AUTORELEASING = YES;
				CLANG_WARN_BOOL_CONVERSION = YES;
				CLANG_WARN_COMMA = YES;
				CLANG_WARN_CONSTANT_CONVERSION = YES;
				CLANG_WARN_DEPRECATED_OBJC_IMPLEMENTATIONS = YES;
				CLANG_WARN_EMPTY_BODY = YES;
				CLANG_WARN_ENUM_CONVERSION = YES;
				CLANG_WARN_INFINITE_RECURSION = YES;
				CLANG_WARN_INT_CONVERSION = YES;
				CLANG_WARN_NON_LITERAL_NULL_CONVERSION = YES;
				CLANG_WARN_OBJC_IMPLICIT_RETAIN_SELF = YES;
				CLANG_WARN_OBJC_LITERAL_CONVERSION = YES;
				CLANG_WARN_QUOTED_INCLUDE_IN_FRAMEWORK_HEADER = YES;
				CLANG_WARN_RANGE_LOOP_ANALYSIS = YES;
				CLANG_WARN_STRICT_PROTOTYPES = YES;
				CLANG_WARN_SUSPICIOUS_MOVE = YES;
				CLANG_WARN_UNREACHABLE_CODE = YES;
				CLANG_WARN__DUPLICATE_METHOD_MATCH = YES;
				DEAD_CODE_STRIPPING = YES;
				ENABLE_STRICT_OBJC_MSGSEND = YES;
				ENABLE_TESTABILITY = YES;
				ENABLE_USER_SCRIPT_SANDBOXING = YES;
				GCC_C_LANGUAGE_STANDARD = gnu99;
				GCC_NO_COMMON_BLOCKS = YES;
				GCC_OPTIMIZATION_LEVEL = 0;
				GCC_WARN_64_TO_32_BIT_CONVERSION = YES;
				GCC_WARN_ABOUT_MISSING_FIELD_INITIALIZERS = YES;
				GCC_WARN_ABOUT_RETURN_TYPE = YES;
				GCC_WARN_INITIALIZER_NOT_FULLY_BRACKETED = YES;
				GCC_WARN_SHADOW = YES;
				GCC_WARN_SIGN_COMPARE = YES;
				GCC_WARN_UNDECLARED_SELECTOR = YES;
				GCC_WARN_UNINITIALIZED_AUTOS = YES;
				GCC_WARN_UNUSED_FUNCTION = YES;
				GCC_WARN_UNUSED_LABEL = YES;
				GCC_WARN_UNUSED_VARIABLE = YES;
				MACOSX_DEPLOYMENT_TARGET = 13.5;
				ONLY_ACTIVE_ARCH = YES;
				RUN_CLANG_STATIC_ANALYZER = YES;
				SDKROOT = macosx;
				SWIFT_OPTIMIZATION_LEVEL = "-Onone";
			};
			name = Debug;
		};
		C01FCF5008A954540054247B /* Release */ = {
			isa = XCBuildConfiguration;
			buildSettings = {
				CLANG_ANALYZER_LOCALIZABILITY_NONLOCALIZED = YES;
				CLANG_WARN_BLOCK_CAPTURE_AUTORELEASING = YES;
				CLANG_WARN_BOOL_CONVERSION = YES;
				CLANG_WARN_COMMA = YES;
				CLANG_WARN_CONSTANT_CONVERSION = YES;
				CLANG_WARN_DEPRECATED_OBJC_IMPLEMENTATIONS = YES;
				CLANG_WARN_EMPTY_BODY = YES;
				CLANG_WARN_ENUM_CONVERSION = YES;
				CLANG_WARN_INFINITE_RECURSION = YES;
				CLANG_WARN_INT_CONVERSION = YES;
				CLANG_WARN_NON_LITERAL_NULL_CONVERSION = YES;
				CLANG_WARN_OBJC_IMPLICIT_RETAIN_SELF = YES;
				CLANG_WARN_OBJC_LITERAL_CONVERSION = YES;
				CLANG_WARN_QUOTED_INCLUDE_IN_FRAMEWORK_HEADER = YES;
				CLANG_WARN_RANGE_LOOP_ANALYSIS = YES;
				CLANG_WARN_STRICT_PROTOTYPES = YES;
				CLANG_WARN_SUSPICIOUS_MOVE = YES;
				CLANG_WARN_UNREACHABLE_CODE = YES;
				CLANG_WARN__DUPLICATE_METHOD_MATCH = YES;
				DEAD_CODE_STRIPPING = YES;
				ENABLE_STRICT_OBJC_MSGSEND = YES;
				ENABLE_USER_SCRIPT_SANDBOXING = YES;
				GCC_C_LANGUAGE_STANDARD = gnu99;
				GCC_NO_COMMON_BLOCKS = YES;
				GCC_OPTIMIZATION_LEVEL = 0;
				GCC_WARN_64_TO_32_BIT_CONVERSION = YES;
				GCC_WARN_ABOUT_MISSING_FIELD_INITIALIZERS = YES;
				GCC_WARN_ABOUT_RETURN_TYPE = YES;
				GCC_WARN_INITIALIZER_NOT_FULLY_BRACKETED = YES;
				GCC_WARN_SHADOW = YES;
				GCC_WARN_SIGN_COMPARE = YES;
				GCC_WARN_UNDECLARED_SELECTOR = YES;
				GCC_WARN_UNINITIALIZED_AUTOS = YES;
				GCC_WARN_UNUSED_FUNCTION = YES;
				GCC_WARN_UNUSED_LABEL = YES;
				GCC_WARN_UNUSED_VARIABLE = YES;
				MACOSX_DEPLOYMENT_TARGET = 13.5;
				RUN_CLANG_STATIC_ANALYZER = YES;
				SDKROOT = macosx;
				SWIFT_OPTIMIZATION_LEVEL = "-Onone";
			};
			name = Release;
		};
/* End XCBuildConfiguration section */

/* Begin XCConfigurationList section */
		C01FCF4A08A954540054247B /* Build configuration list for PBXNativeTarget "CustomMenus" */ = {
			isa = XCConfigurationList;
			buildConfigurations = (
				C01FCF4B08A954540054247B /* Debug */,
				C01FCF4C08A954540054247B /* Release */,
			);
			defaultConfigurationIsVisible = 0;
			defaultConfigurationName = Release;
		};
		C01FCF4E08A954540054247B /* Build configuration list for PBXProject "CustomMenus" */ = {
			isa = XCConfigurationList;
			buildConfigurations = (
				C01FCF4F08A954540054247B /* Debug */,
				C01FCF5008A954540054247B /* Release */,
			);
			defaultConfigurationIsVisible = 0;
			defaultConfigurationName = Release;
		};
/* End XCConfigurationList section */
	};
	rootObject = 29B97313FDCFA39411CA2CEA /* Project object */;
}
